
Microsoft Visual Studio Solution File, Format Version 12.00
# Visual Studio Version 17
VisualStudioVersion = 17.1.32210.238
MinimumVisualStudioVersion = 10.0.40219.1
Project("{9A19103F-16F7-4668-BE54-9A1E7A4F7556}") = "Zaren.Web", "SanProject.Web\Zaren.Web.csproj", "{4F08D244-8042-4BE3-AA2F-6860C113DE7A}"
EndProject
Project("{9A19103F-16F7-4668-BE54-9A1E7A4F7556}") = "Zaren.Domain", "SanProject.Domain\Zaren.Domain.csproj", "{9347FF90-9F98-46EA-9C88-BF410E256CB3}"
EndProject
Project("{9A19103F-16F7-4668-BE54-9A1E7A4F7556}") = "Zaren.Data", "SanProject.Data\Zaren.Data.csproj", "{E4D3C465-E9E8-4895-A510-9DDA2DFA5C0E}"
EndProject
Project("{9A19103F-16F7-4668-BE54-9A1E7A4F7556}") = "Zaren.Shared", "SanProject.Shared\Zaren.Shared.csproj", "{31CE5665-6D3B-4544-873A-ACA11DB159ED}"
EndProject
Project("{9A19103F-16F7-4668-BE54-9A1E7A4F7556}") = "Zaren.Application", "SanProject.Application\Zaren.Application.csproj", "{03930483-41AC-4215-9A5F-9A6CC9DD5A14}"
EndProject
Global
	GlobalSection(SolutionConfigurationPlatforms) = preSolution
		Debug|Any CPU = Debug|Any CPU
		Release|Any CPU = Release|Any CPU
	EndGlobalSection
	GlobalSection(ProjectConfigurationPlatforms) = postSolution
		{4F08D244-8042-4BE3-AA2F-6860C113DE7A}.Debug|Any CPU.ActiveCfg = Debug|Any CPU
		{4F08D244-8042-4BE3-AA2F-6860C113DE7A}.Debug|Any CPU.Build.0 = Debug|Any CPU
		{4F08D244-8042-4BE3-AA2F-6860C113DE7A}.Release|Any CPU.ActiveCfg = Release|Any CPU
		{4F08D244-8042-4BE3-AA2F-6860C113DE7A}.Release|Any CPU.Build.0 = Release|Any CPU
		{9347FF90-9F98-46EA-9C88-BF410E256CB3}.Debug|Any CPU.ActiveCfg = Debug|Any CPU
		{9347FF90-9F98-46EA-9C88-BF410E256CB3}.Debug|Any CPU.Build.0 = Debug|Any CPU
		{9347FF90-9F98-46EA-9C88-BF410E256CB3}.Release|Any CPU.ActiveCfg = Release|Any CPU
		{9347FF90-9F98-46EA-9C88-BF410E256CB3}.Release|Any CPU.Build.0 = Release|Any CPU
		{E4D3C465-E9E8-4895-A510-9DDA2DFA5C0E}.Debug|Any CPU.ActiveCfg = Debug|Any CPU
		{E4D3C465-E9E8-4895-A510-9DDA2DFA5C0E}.Debug|Any CPU.Build.0 = Debug|Any CPU
		{E4D3C465-E9E8-4895-A510-9DDA2DFA5C0E}.Release|Any CPU.ActiveCfg = Release|Any CPU
		{E4D3C465-E9E8-4895-A510-9DDA2DFA5C0E}.Release|Any CPU.Build.0 = Release|Any CPU
		{31CE5665-6D3B-4544-873A-ACA11DB159ED}.Debug|Any CPU.ActiveCfg = Debug|Any CPU
		{31CE5665-6D3B-4544-873A-ACA11DB159ED}.Debug|Any CPU.Build.0 = Debug|Any CPU
		{31CE5665-6D3B-4544-873A-ACA11DB159ED}.Release|Any CPU.ActiveCfg = Release|Any CPU
		{31CE5665-6D3B-4544-873A-ACA11DB159ED}.Release|Any CPU.Build.0 = Release|Any CPU
		{03930483-41AC-4215-9A5F-9A6CC9DD5A14}.Debug|Any CPU.ActiveCfg = Debug|Any CPU
		{03930483-41AC-4215-9A5F-9A6CC9DD5A14}.Debug|Any CPU.Build.0 = Debug|Any CPU
		{03930483-41AC-4215-9A5F-9A6CC9DD5A14}.Release|Any CPU.ActiveCfg = Release|Any CPU
		{03930483-41AC-4215-9A5F-9A6CC9DD5A14}.Release|Any CPU.Build.0 = Release|Any CPU
	EndGlobalSection
	GlobalSection(SolutionProperties) = preSolution
		HideSolutionNode = FALSE
	EndGlobalSection
	GlobalSection(ExtensibilityGlobals) = postSolution
		SolutionGuid = {5526C03C-8508-4340-A5B5-D834F38442DB}
	EndGlobalSection
EndGlobal
